// !$*UTF8*$!
{
	archiveVersion = 1;
	classes = {
	};
	objectVersion = 46;
	objects = {

/* Begin PBXBuildFile section */
		CED5A8FC1BB4055F00C288E7 /* SwiftyJSON.framework in Frameworks */ = {isa = PBXBuildFile; fileRef = CED5A8FB1BB4055F00C288E7 /* SwiftyJSON.framework */; };
		CED5A9041BB4337800C288E7 /* YunlianNetwork.swift in Sources */ = {isa = PBXBuildFile; fileRef = CED5A9031BB4337800C288E7 /* YunlianNetwork.swift */; settings = {ASSET_TAGS = (); }; };
		CED5A9091BB4E3EE00C288E7 /* UIViewControllerExtension.swift in Sources */ = {isa = PBXBuildFile; fileRef = CED5A9081BB4E3EE00C288E7 /* UIViewControllerExtension.swift */; settings = {ASSET_TAGS = (); }; };
		CED5A90B1BB5133700C288E7 /* LoadingAlertController.swift in Sources */ = {isa = PBXBuildFile; fileRef = CED5A90A1BB5133700C288E7 /* LoadingAlertController.swift */; settings = {ASSET_TAGS = (); }; };
		CED5A90D1BB54CDA00C288E7 /* RegisterPasswordViewController.swift in Sources */ = {isa = PBXBuildFile; fileRef = CED5A90C1BB54CDA00C288E7 /* RegisterPasswordViewController.swift */; settings = {ASSET_TAGS = (); }; };
		CED5A90F1BB5771D00C288E7 /* RegisterQuestionViewController.swift in Sources */ = {isa = PBXBuildFile; fileRef = CED5A90E1BB5771D00C288E7 /* RegisterQuestionViewController.swift */; settings = {ASSET_TAGS = (); }; };
		CED5A9111BB5821800C288E7 /* UILabelWithInsets.swift in Sources */ = {isa = PBXBuildFile; fileRef = CED5A9101BB5821800C288E7 /* UILabelWithInsets.swift */; settings = {ASSET_TAGS = (); }; };
		CED5A9131BB6575E00C288E7 /* StringExtension.swift in Sources */ = {isa = PBXBuildFile; fileRef = CED5A9121BB6575E00C288E7 /* StringExtension.swift */; settings = {ASSET_TAGS = (); }; };
		CED5A9171BB691C100C288E7 /* RegisterInfo.swift in Sources */ = {isa = PBXBuildFile; fileRef = CED5A9161BB691C100C288E7 /* RegisterInfo.swift */; settings = {ASSET_TAGS = (); }; };
		CED5A9191BB7F21B00C288E7 /* RegisterFinishedViewController.swift in Sources */ = {isa = PBXBuildFile; fileRef = CED5A9181BB7F21B00C288E7 /* RegisterFinishedViewController.swift */; settings = {ASSET_TAGS = (); }; };
		CED5A91C1BB8E22D00C288E7 /* ModifyInfoViewController.swift in Sources */ = {isa = PBXBuildFile; fileRef = CED5A91B1BB8E22D00C288E7 /* ModifyInfoViewController.swift */; settings = {ASSET_TAGS = (); }; };
		CED5A91E1BB8E3BB00C288E7 /* ModifyInfoBaseCell.swift in Sources */ = {isa = PBXBuildFile; fileRef = CED5A91D1BB8E3BB00C288E7 /* ModifyInfoBaseCell.swift */; settings = {ASSET_TAGS = (); }; };
		CED5A9201BB90DB400C288E7 /* ModifyAvatarCell.swift in Sources */ = {isa = PBXBuildFile; fileRef = CED5A91F1BB90DB400C288E7 /* ModifyAvatarCell.swift */; settings = {ASSET_TAGS = (); }; };
		CED5A9221BB91F2600C288E7 /* ModifyGenderCell.swift in Sources */ = {isa = PBXBuildFile; fileRef = CED5A9211BB91F2600C288E7 /* ModifyGenderCell.swift */; settings = {ASSET_TAGS = (); }; };
		CED5A9241BB9244500C288E7 /* ModifyTextCell.swift in Sources */ = {isa = PBXBuildFile; fileRef = CED5A9231BB9244500C288E7 /* ModifyTextCell.swift */; settings = {ASSET_TAGS = (); }; };
		CED5A9281BBA8C2100C288E7 /* SettingsButtonCell.swift in Sources */ = {isa = PBXBuildFile; fileRef = CED5A9271BBA8C2100C288E7 /* SettingsButtonCell.swift */; settings = {ASSET_TAGS = (); }; };
		CED5A92B1BBAB54600C288E7 /* Database.swift in Sources */ = {isa = PBXBuildFile; fileRef = CED5A92A1BBAB54600C288E7 /* Database.swift */; settings = {ASSET_TAGS = (); }; };
		CED5A93B1BBBD22500C288E7 /* ChineseToPinyinResource.m in Sources */ = {isa = PBXBuildFile; fileRef = CED5A92F1BBBD22500C288E7 /* ChineseToPinyinResource.m */; settings = {ASSET_TAGS = (); }; };
		CED5A93C1BBBD22500C288E7 /* HanyuPinyinOutputFormat.m in Sources */ = {isa = PBXBuildFile; fileRef = CED5A9311BBBD22500C288E7 /* HanyuPinyinOutputFormat.m */; settings = {ASSET_TAGS = (); }; };
		CED5A93D1BBBD22500C288E7 /* NSString+PinYin4Cocoa.m in Sources */ = {isa = PBXBuildFile; fileRef = CED5A9331BBBD22500C288E7 /* NSString+PinYin4Cocoa.m */; settings = {ASSET_TAGS = (); }; };
		CED5A93E1BBBD22500C288E7 /* PinyinFormatter.m in Sources */ = {isa = PBXBuildFile; fileRef = CED5A9361BBBD22500C288E7 /* PinyinFormatter.m */; settings = {ASSET_TAGS = (); }; };
		CED5A93F1BBBD22500C288E7 /* PinyinHelper.m in Sources */ = {isa = PBXBuildFile; fileRef = CED5A9381BBBD22500C288E7 /* PinyinHelper.m */; settings = {ASSET_TAGS = (); }; };
		CED5A9401BBBD22500C288E7 /* unicode_to_hanyu_pinyin.txt in Resources */ = {isa = PBXBuildFile; fileRef = CED5A93A1BBBD22500C288E7 /* unicode_to_hanyu_pinyin.txt */; settings = {ASSET_TAGS = (); }; };
		D106DCB91B9B1C6900C5D6F3 /* SwiftData.swift in Sources */ = {isa = PBXBuildFile; fileRef = D106DCB81B9B1C6900C5D6F3 /* SwiftData.swift */; };
		D106DCBD1B9C09EA00C5D6F3 /* News.swift in Sources */ = {isa = PBXBuildFile; fileRef = D106DCBC1B9C09EA00C5D6F3 /* News.swift */; };
		D106DCBF1B9C19C600C5D6F3 /* NewsHeader.swift in Sources */ = {isa = PBXBuildFile; fileRef = D106DCBE1B9C19C600C5D6F3 /* NewsHeader.swift */; };
		D106DCC11B9C19D900C5D6F3 /* NewsCell.swift in Sources */ = {isa = PBXBuildFile; fileRef = D106DCC01B9C19D900C5D6F3 /* NewsCell.swift */; };
		D106DCC51B9C72A000C5D6F3 /* NewFriendViewController.swift in Sources */ = {isa = PBXBuildFile; fileRef = D106DCC41B9C72A000C5D6F3 /* NewFriendViewController.swift */; };
		D106DCC71B9C87BE00C5D6F3 /* NewFriendCell.swift in Sources */ = {isa = PBXBuildFile; fileRef = D106DCC61B9C87BE00C5D6F3 /* NewFriendCell.swift */; };
		D10D75331BA3DA0400B62261 /* ProfileRemarkSectionHeaderView.swift in Sources */ = {isa = PBXBuildFile; fileRef = D10D75321BA3DA0400B62261 /* ProfileRemarkSectionHeaderView.swift */; };
		D10D75351BA3DCD300B62261 /* ImageRemarkCell.swift in Sources */ = {isa = PBXBuildFile; fileRef = D10D75341BA3DCD300B62261 /* ImageRemarkCell.swift */; };
		D10D75371BA3DD9300B62261 /* ImageCell.swift in Sources */ = {isa = PBXBuildFile; fileRef = D10D75361BA3DD9300B62261 /* ImageCell.swift */; };
		D10D75391BA55D2D00B62261 /* Profile.swift in Sources */ = {isa = PBXBuildFile; fileRef = D10D75381BA55D2D00B62261 /* Profile.swift */; };
		D10D75711BA56DB600B62261 /* ImageStubCell.swift in Sources */ = {isa = PBXBuildFile; fileRef = D10D75701BA56DB600B62261 /* ImageStubCell.swift */; };
		D10D75731BA5742B00B62261 /* ImageBrowserController.swift in Sources */ = {isa = PBXBuildFile; fileRef = D10D75721BA5742B00B62261 /* ImageBrowserController.swift */; };
		D10E8AD41B7EE1C100C8658D /* AppDelegate.swift in Sources */ = {isa = PBXBuildFile; fileRef = D10E8AD31B7EE1C100C8658D /* AppDelegate.swift */; };
		D10E8AD61B7EE1C100C8658D /* ViewController.swift in Sources */ = {isa = PBXBuildFile; fileRef = D10E8AD51B7EE1C100C8658D /* ViewController.swift */; };
		D10E8ADB1B7EE1C200C8658D /* Images.xcassets in Resources */ = {isa = PBXBuildFile; fileRef = D10E8ADA1B7EE1C200C8658D /* Images.xcassets */; };
		D10E8ADE1B7EE1C200C8658D /* LaunchScreen.xib in Resources */ = {isa = PBXBuildFile; fileRef = D10E8ADC1B7EE1C200C8658D /* LaunchScreen.xib */; };
		D10E8AEA1B7EE1C200C8658D /* yunlian_iosTests.swift in Sources */ = {isa = PBXBuildFile; fileRef = D10E8AE91B7EE1C200C8658D /* yunlian_iosTests.swift */; };
		D10E8B041B7F2C2A00C8658D /* UIColorExtensions.swift in Sources */ = {isa = PBXBuildFile; fileRef = D10E8B031B7F2C2A00C8658D /* UIColorExtensions.swift */; };
		D10E8B071B7F2C6500C8658D /* UIConstants.swift in Sources */ = {isa = PBXBuildFile; fileRef = D10E8B061B7F2C6500C8658D /* UIConstants.swift */; };
		D10E8B091B7F312700C8658D /* SnapKit.framework in Frameworks */ = {isa = PBXBuildFile; fileRef = D10E8B081B7F312700C8658D /* SnapKit.framework */; };
		D10E8B0B1B7F376B00C8658D /* LoginViewController.swift in Sources */ = {isa = PBXBuildFile; fileRef = D10E8B0A1B7F376B00C8658D /* LoginViewController.swift */; };
		D10E8B0D1B7F38A700C8658D /* ContactsViewController.swift in Sources */ = {isa = PBXBuildFile; fileRef = D10E8B0C1B7F38A700C8658D /* ContactsViewController.swift */; };
		D10E8B111B7F38ED00C8658D /* NewsViewController.swift in Sources */ = {isa = PBXBuildFile; fileRef = D10E8B101B7F38ED00C8658D /* NewsViewController.swift */; };
		D10E8B131B7F39C300C8658D /* SettingsViewController.swift in Sources */ = {isa = PBXBuildFile; fileRef = D10E8B121B7F39C300C8658D /* SettingsViewController.swift */; };
		D11D21131B7F818000309569 /* TextFieldLeftView.swift in Sources */ = {isa = PBXBuildFile; fileRef = D11D21121B7F818000309569 /* TextFieldLeftView.swift */; };
		D124F0721B80A4DD00F86780 /* ContactsHeaderView.swift in Sources */ = {isa = PBXBuildFile; fileRef = D124F0711B80A4DD00F86780 /* ContactsHeaderView.swift */; };
		D124F0781B82BE9C00F86780 /* FriendsContactsViewController.swift in Sources */ = {isa = PBXBuildFile; fileRef = D124F0771B82BE9C00F86780 /* FriendsContactsViewController.swift */; };
		D124F07B1B82C50B00F86780 /* FriendsContactCell.swift in Sources */ = {isa = PBXBuildFile; fileRef = D124F07A1B82C50B00F86780 /* FriendsContactCell.swift */; };
		D124F07D1B82C55800F86780 /* FriendsContactHeader.swift in Sources */ = {isa = PBXBuildFile; fileRef = D124F07C1B82C55800F86780 /* FriendsContactHeader.swift */; };
		D124F0811B84161400F86780 /* Helper.swift in Sources */ = {isa = PBXBuildFile; fileRef = D124F0801B84161400F86780 /* Helper.swift */; };
		D124F0841B84A42E00F86780 /* Person.swift in Sources */ = {isa = PBXBuildFile; fileRef = D124F0831B84A42E00F86780 /* Person.swift */; };
		D124F0861B84C4B000F86780 /* OnewayContactCell.swift in Sources */ = {isa = PBXBuildFile; fileRef = D124F0851B84C4B000F86780 /* OnewayContactCell.swift */; };
		D124F0881B8551F200F86780 /* OnewayContactsViewController.swift in Sources */ = {isa = PBXBuildFile; fileRef = D124F0871B8551F200F86780 /* OnewayContactsViewController.swift */; };
		D124F08A1B8554B600F86780 /* BlackListContactsViewController.swift in Sources */ = {isa = PBXBuildFile; fileRef = D124F0891B8554B600F86780 /* BlackListContactsViewController.swift */; };
		D124F08C1B85554200F86780 /* BlackListContactCell.swift in Sources */ = {isa = PBXBuildFile; fileRef = D124F08B1B85554200F86780 /* BlackListContactCell.swift */; };
		D124F0901B88946900F86780 /* ContactsPanelView.swift in Sources */ = {isa = PBXBuildFile; fileRef = D124F08F1B88946900F86780 /* ContactsPanelView.swift */; };
		D124F0971B88AC4600F86780 /* UIImage+Helper.m in Sources */ = {isa = PBXBuildFile; fileRef = D124F0961B88AC4600F86780 /* UIImage+Helper.m */; };
		D124F0991B88AC6100F86780 /* UIImage+Helper.h in Sources */ = {isa = PBXBuildFile; fileRef = D124F0981B88AC6100F86780 /* UIImage+Helper.h */; };
		D124F09B1B88AE3900F86780 /* TestViewController.swift in Sources */ = {isa = PBXBuildFile; fileRef = D124F09A1B88AE3900F86780 /* TestViewController.swift */; };
		D124F09D1B8968BA00F86780 /* SearchContactsViewController.swift in Sources */ = {isa = PBXBuildFile; fileRef = D124F09C1B8968BA00F86780 /* SearchContactsViewController.swift */; };
		D124F09F1B896AB000F86780 /* TitleSearchView.swift in Sources */ = {isa = PBXBuildFile; fileRef = D124F09E1B896AB000F86780 /* TitleSearchView.swift */; };
		D140BE221BB2F54D001B77C4 /* libsqlite3.0.tbd in Frameworks */ = {isa = PBXBuildFile; fileRef = D140BE211BB2F54D001B77C4 /* libsqlite3.0.tbd */; };
		D15501861BB04A17006713A3 /* MoreAlertController.swift in Sources */ = {isa = PBXBuildFile; fileRef = D15501851BB04A17006713A3 /* MoreAlertController.swift */; };
		D15501881BB04D93006713A3 /* MoreAlertCell.swift in Sources */ = {isa = PBXBuildFile; fileRef = D15501871BB04D93006713A3 /* MoreAlertCell.swift */; };
		D155018B1BB19585006713A3 /* NSData+AES256.m in Sources */ = {isa = PBXBuildFile; fileRef = D155018A1BB19585006713A3 /* NSData+AES256.m */; };
		D15501901BB19C17006713A3 /* RegisterPhoneNumberViewController.swift in Sources */ = {isa = PBXBuildFile; fileRef = D155018F1BB19C17006713A3 /* RegisterPhoneNumberViewController.swift */; };
		D15501921BB232EB006713A3 /* UITextFieldWithInset.swift in Sources */ = {isa = PBXBuildFile; fileRef = D15501911BB232EB006713A3 /* UITextFieldWithInset.swift */; };
		D15501961BB2EBED006713A3 /* Alamofire.framework in Frameworks */ = {isa = PBXBuildFile; fileRef = D15501951BB2EBED006713A3 /* Alamofire.framework */; };
		D182B3EC1BA1AA380045F7E8 /* ZoomablePhotoView.swift in Sources */ = {isa = PBXBuildFile; fileRef = D182B3EB1BA1AA380045F7E8 /* ZoomablePhotoView.swift */; };
		D182B3EE1BA1B1AA0045F7E8 /* PhotoScrollView.swift in Sources */ = {isa = PBXBuildFile; fileRef = D182B3ED1BA1B1AA0045F7E8 /* PhotoScrollView.swift */; };
		D1A8DF711B89D24200217467 /* SearchContactsResultController.swift in Sources */ = {isa = PBXBuildFile; fileRef = D1A8DF701B89D24200217467 /* SearchContactsResultController.swift */; };
		D1A8DF731B89D3F100217467 /* SearchResultCell.swift in Sources */ = {isa = PBXBuildFile; fileRef = D1A8DF721B89D3F100217467 /* SearchResultCell.swift */; };
		D1A8DF751B89DA6B00217467 /* ProfileViewController.swift in Sources */ = {isa = PBXBuildFile; fileRef = D1A8DF741B89DA6B00217467 /* ProfileViewController.swift */; };
		D1A8DF781B8AA7A600217467 /* ProfileHeaderView.swift in Sources */ = {isa = PBXBuildFile; fileRef = D1A8DF771B8AA7A600217467 /* ProfileHeaderView.swift */; };
		D1A8DF7A1B8CA03500217467 /* ProfileSectionHeaderView.swift in Sources */ = {isa = PBXBuildFile; fileRef = D1A8DF791B8CA03500217467 /* ProfileSectionHeaderView.swift */; };
		D1A8DF7C1B8CA05100217467 /* ProfileCell.swift in Sources */ = {isa = PBXBuildFile; fileRef = D1A8DF7B1B8CA05100217467 /* ProfileCell.swift */; };
		D1A8DF7E1B8D42BE00217467 /* SignatureCell.swift in Sources */ = {isa = PBXBuildFile; fileRef = D1A8DF7D1B8D42BE00217467 /* SignatureCell.swift */; };
		D1A8DF871B8DFF6C00217467 /* CalendarViewController.swift in Sources */ = {isa = PBXBuildFile; fileRef = D1A8DF861B8DFF6C00217467 /* CalendarViewController.swift */; };
		D1A8DF891B8E001900217467 /* CalendarCell.swift in Sources */ = {isa = PBXBuildFile; fileRef = D1A8DF881B8E001900217467 /* CalendarCell.swift */; };
		D1A8DF981B8FEE8900217467 /* CalendarHeaderView.swift in Sources */ = {isa = PBXBuildFile; fileRef = D1A8DF971B8FEE8900217467 /* CalendarHeaderView.swift */; };
		D1C6AAA71B909FCF000AF565 /* CalendarDate.swift in Sources */ = {isa = PBXBuildFile; fileRef = D1C6AAA61B909FCF000AF565 /* CalendarDate.swift */; };
		D1C6AAAF1B913CD5000AF565 /* CalendarTableViewCell.swift in Sources */ = {isa = PBXBuildFile; fileRef = D1C6AAAE1B913CD5000AF565 /* CalendarTableViewCell.swift */; };
		D1C6AAB11B92B19A000AF565 /* CalendarActivity.swift in Sources */ = {isa = PBXBuildFile; fileRef = D1C6AAB01B92B19A000AF565 /* CalendarActivity.swift */; };
		D1C6AAB31B92B3B4000AF565 /* MySwiftDate.swift in Sources */ = {isa = PBXBuildFile; fileRef = D1C6AAB21B92B3B4000AF565 /* MySwiftDate.swift */; };
		D1C6AAB51B92F1DA000AF565 /* PersonCell.swift in Sources */ = {isa = PBXBuildFile; fileRef = D1C6AAB41B92F1DA000AF565 /* PersonCell.swift */; };
		D1C6AAB71B930FE9000AF565 /* ActivityViewController.swift in Sources */ = {isa = PBXBuildFile; fileRef = D1C6AAB61B930FE9000AF565 /* ActivityViewController.swift */; };
		D1C6AABB1B948583000AF565 /* SwiftDate.swift in Sources */ = {isa = PBXBuildFile; fileRef = D1C6AABA1B948583000AF565 /* SwiftDate.swift */; };
/* End PBXBuildFile section */

/* Begin PBXContainerItemProxy section */
		D10E8AE41B7EE1C200C8658D /* PBXContainerItemProxy */ = {
			isa = PBXContainerItemProxy;
			containerPortal = D10E8AC61B7EE1C100C8658D /* Project object */;
			proxyType = 1;
			remoteGlobalIDString = D10E8ACD1B7EE1C100C8658D;
			remoteInfo = "yunlian-ios";
		};
/* End PBXContainerItemProxy section */

/* Begin PBXCopyFilesBuildPhase section */
		D1C6AAE81B948FED000AF565 /* Embed Frameworks */ = {
			isa = PBXCopyFilesBuildPhase;
			buildActionMask = 2147483647;
			dstPath = "";
			dstSubfolderSpec = 10;
			files = (
			);
			name = "Embed Frameworks";
			runOnlyForDeploymentPostprocessing = 0;
		};
/* End PBXCopyFilesBuildPhase section */

/* Begin PBXFileReference section */
		CED5A8FB1BB4055F00C288E7 /* SwiftyJSON.framework */ = {isa = PBXFileReference; lastKnownFileType = wrapper.framework; name = SwiftyJSON.framework; path = Carthage/Build/iOS/SwiftyJSON.framework; sourceTree = "<group>"; };
		CED5A9031BB4337800C288E7 /* YunlianNetwork.swift */ = {isa = PBXFileReference; fileEncoding = 4; lastKnownFileType = sourcecode.swift; path = YunlianNetwork.swift; sourceTree = "<group>"; };
		CED5A9081BB4E3EE00C288E7 /* UIViewControllerExtension.swift */ = {isa = PBXFileReference; fileEncoding = 4; lastKnownFileType = sourcecode.swift; path = UIViewControllerExtension.swift; sourceTree = "<group>"; };
		CED5A90A1BB5133700C288E7 /* LoadingAlertController.swift */ = {isa = PBXFileReference; fileEncoding = 4; lastKnownFileType = sourcecode.swift; path = LoadingAlertController.swift; sourceTree = "<group>"; };
		CED5A90C1BB54CDA00C288E7 /* RegisterPasswordViewController.swift */ = {isa = PBXFileReference; fileEncoding = 4; lastKnownFileType = sourcecode.swift; path = RegisterPasswordViewController.swift; sourceTree = "<group>"; };
		CED5A90E1BB5771D00C288E7 /* RegisterQuestionViewController.swift */ = {isa = PBXFileReference; fileEncoding = 4; lastKnownFileType = sourcecode.swift; path = RegisterQuestionViewController.swift; sourceTree = "<group>"; };
		CED5A9101BB5821800C288E7 /* UILabelWithInsets.swift */ = {isa = PBXFileReference; fileEncoding = 4; lastKnownFileType = sourcecode.swift; path = UILabelWithInsets.swift; sourceTree = "<group>"; };
		CED5A9121BB6575E00C288E7 /* StringExtension.swift */ = {isa = PBXFileReference; fileEncoding = 4; lastKnownFileType = sourcecode.swift; path = StringExtension.swift; sourceTree = "<group>"; };
		CED5A9161BB691C100C288E7 /* RegisterInfo.swift */ = {isa = PBXFileReference; fileEncoding = 4; lastKnownFileType = sourcecode.swift; path = RegisterInfo.swift; sourceTree = "<group>"; };
		CED5A9181BB7F21B00C288E7 /* RegisterFinishedViewController.swift */ = {isa = PBXFileReference; fileEncoding = 4; lastKnownFileType = sourcecode.swift; path = RegisterFinishedViewController.swift; sourceTree = "<group>"; };
		CED5A91B1BB8E22D00C288E7 /* ModifyInfoViewController.swift */ = {isa = PBXFileReference; fileEncoding = 4; lastKnownFileType = sourcecode.swift; path = ModifyInfoViewController.swift; sourceTree = "<group>"; };
		CED5A91D1BB8E3BB00C288E7 /* ModifyInfoBaseCell.swift */ = {isa = PBXFileReference; fileEncoding = 4; lastKnownFileType = sourcecode.swift; path = ModifyInfoBaseCell.swift; sourceTree = "<group>"; };
		CED5A91F1BB90DB400C288E7 /* ModifyAvatarCell.swift */ = {isa = PBXFileReference; fileEncoding = 4; lastKnownFileType = sourcecode.swift; path = ModifyAvatarCell.swift; sourceTree = "<group>"; };
		CED5A9211BB91F2600C288E7 /* ModifyGenderCell.swift */ = {isa = PBXFileReference; fileEncoding = 4; lastKnownFileType = sourcecode.swift; path = ModifyGenderCell.swift; sourceTree = "<group>"; };
		CED5A9231BB9244500C288E7 /* ModifyTextCell.swift */ = {isa = PBXFileReference; fileEncoding = 4; lastKnownFileType = sourcecode.swift; path = ModifyTextCell.swift; sourceTree = "<group>"; };
		CED5A9271BBA8C2100C288E7 /* SettingsButtonCell.swift */ = {isa = PBXFileReference; fileEncoding = 4; lastKnownFileType = sourcecode.swift; path = SettingsButtonCell.swift; sourceTree = "<group>"; };
		CED5A92A1BBAB54600C288E7 /* Database.swift */ = {isa = PBXFileReference; fileEncoding = 4; lastKnownFileType = sourcecode.swift; path = Database.swift; sourceTree = "<group>"; };
		CED5A92E1BBBD22500C288E7 /* ChineseToPinyinResource.h */ = {isa = PBXFileReference; fileEncoding = 4; lastKnownFileType = sourcecode.c.h; path = ChineseToPinyinResource.h; sourceTree = "<group>"; };
		CED5A92F1BBBD22500C288E7 /* ChineseToPinyinResource.m */ = {isa = PBXFileReference; fileEncoding = 4; lastKnownFileType = sourcecode.c.objc; path = ChineseToPinyinResource.m; sourceTree = "<group>"; };
		CED5A9301BBBD22500C288E7 /* HanyuPinyinOutputFormat.h */ = {isa = PBXFileReference; fileEncoding = 4; lastKnownFileType = sourcecode.c.h; path = HanyuPinyinOutputFormat.h; sourceTree = "<group>"; };
		CED5A9311BBBD22500C288E7 /* HanyuPinyinOutputFormat.m */ = {isa = PBXFileReference; fileEncoding = 4; lastKnownFileType = sourcecode.c.objc; path = HanyuPinyinOutputFormat.m; sourceTree = "<group>"; };
		CED5A9321BBBD22500C288E7 /* NSString+PinYin4Cocoa.h */ = {isa = PBXFileReference; fileEncoding = 4; lastKnownFileType = sourcecode.c.h; path = "NSString+PinYin4Cocoa.h"; sourceTree = "<group>"; };
		CED5A9331BBBD22500C288E7 /* NSString+PinYin4Cocoa.m */ = {isa = PBXFileReference; fileEncoding = 4; lastKnownFileType = sourcecode.c.objc; path = "NSString+PinYin4Cocoa.m"; sourceTree = "<group>"; };
		CED5A9341BBBD22500C288E7 /* PinYin4Objc.h */ = {isa = PBXFileReference; fileEncoding = 4; lastKnownFileType = sourcecode.c.h; path = PinYin4Objc.h; sourceTree = "<group>"; };
		CED5A9351BBBD22500C288E7 /* PinyinFormatter.h */ = {isa = PBXFileReference; fileEncoding = 4; lastKnownFileType = sourcecode.c.h; path = PinyinFormatter.h; sourceTree = "<group>"; };
		CED5A9361BBBD22500C288E7 /* PinyinFormatter.m */ = {isa = PBXFileReference; fileEncoding = 4; lastKnownFileType = sourcecode.c.objc; path = PinyinFormatter.m; sourceTree = "<group>"; };
		CED5A9371BBBD22500C288E7 /* PinyinHelper.h */ = {isa = PBXFileReference; fileEncoding = 4; lastKnownFileType = sourcecode.c.h; path = PinyinHelper.h; sourceTree = "<group>"; };
		CED5A9381BBBD22500C288E7 /* PinyinHelper.m */ = {isa = PBXFileReference; fileEncoding = 4; lastKnownFileType = sourcecode.c.objc; path = PinyinHelper.m; sourceTree = "<group>"; };
		CED5A93A1BBBD22500C288E7 /* unicode_to_hanyu_pinyin.txt */ = {isa = PBXFileReference; fileEncoding = 4; lastKnownFileType = text; path = unicode_to_hanyu_pinyin.txt; sourceTree = "<group>"; };
		D106DCB81B9B1C6900C5D6F3 /* SwiftData.swift */ = {isa = PBXFileReference; fileEncoding = 4; lastKnownFileType = sourcecode.swift; name = SwiftData.swift; path = ThirdPart/SwiftData.swift; sourceTree = "<group>"; };
		D106DCBC1B9C09EA00C5D6F3 /* News.swift */ = {isa = PBXFileReference; fileEncoding = 4; lastKnownFileType = sourcecode.swift; path = News.swift; sourceTree = "<group>"; };
		D106DCBE1B9C19C600C5D6F3 /* NewsHeader.swift */ = {isa = PBXFileReference; fileEncoding = 4; lastKnownFileType = sourcecode.swift; path = NewsHeader.swift; sourceTree = "<group>"; };
		D106DCC01B9C19D900C5D6F3 /* NewsCell.swift */ = {isa = PBXFileReference; fileEncoding = 4; lastKnownFileType = sourcecode.swift; path = NewsCell.swift; sourceTree = "<group>"; };
		D106DCC41B9C72A000C5D6F3 /* NewFriendViewController.swift */ = {isa = PBXFileReference; fileEncoding = 4; lastKnownFileType = sourcecode.swift; path = NewFriendViewController.swift; sourceTree = "<group>"; };
		D106DCC61B9C87BE00C5D6F3 /* NewFriendCell.swift */ = {isa = PBXFileReference; fileEncoding = 4; lastKnownFileType = sourcecode.swift; path = NewFriendCell.swift; sourceTree = "<group>"; };
		D10D75321BA3DA0400B62261 /* ProfileRemarkSectionHeaderView.swift */ = {isa = PBXFileReference; fileEncoding = 4; lastKnownFileType = sourcecode.swift; path = ProfileRemarkSectionHeaderView.swift; sourceTree = "<group>"; };
		D10D75341BA3DCD300B62261 /* ImageRemarkCell.swift */ = {isa = PBXFileReference; fileEncoding = 4; lastKnownFileType = sourcecode.swift; path = ImageRemarkCell.swift; sourceTree = "<group>"; };
		D10D75361BA3DD9300B62261 /* ImageCell.swift */ = {isa = PBXFileReference; fileEncoding = 4; lastKnownFileType = sourcecode.swift; path = ImageCell.swift; sourceTree = "<group>"; };
		D10D75381BA55D2D00B62261 /* Profile.swift */ = {isa = PBXFileReference; fileEncoding = 4; lastKnownFileType = sourcecode.swift; path = Profile.swift; sourceTree = "<group>"; };
		D10D75701BA56DB600B62261 /* ImageStubCell.swift */ = {isa = PBXFileReference; fileEncoding = 4; lastKnownFileType = sourcecode.swift; path = ImageStubCell.swift; sourceTree = "<group>"; };
		D10D75721BA5742B00B62261 /* ImageBrowserController.swift */ = {isa = PBXFileReference; fileEncoding = 4; lastKnownFileType = sourcecode.swift; path = ImageBrowserController.swift; sourceTree = "<group>"; };
		D10E8ACE1B7EE1C100C8658D /* yunlian-ios.app */ = {isa = PBXFileReference; explicitFileType = wrapper.application; includeInIndex = 0; path = "yunlian-ios.app"; sourceTree = BUILT_PRODUCTS_DIR; };
		D10E8AD21B7EE1C100C8658D /* Info.plist */ = {isa = PBXFileReference; lastKnownFileType = text.plist.xml; path = Info.plist; sourceTree = "<group>"; };
		D10E8AD31B7EE1C100C8658D /* AppDelegate.swift */ = {isa = PBXFileReference; lastKnownFileType = sourcecode.swift; path = AppDelegate.swift; sourceTree = "<group>"; };
		D10E8AD51B7EE1C100C8658D /* ViewController.swift */ = {isa = PBXFileReference; lastKnownFileType = sourcecode.swift; path = ViewController.swift; sourceTree = "<group>"; };
		D10E8ADA1B7EE1C200C8658D /* Images.xcassets */ = {isa = PBXFileReference; lastKnownFileType = folder.assetcatalog; path = Images.xcassets; sourceTree = "<group>"; };
		D10E8ADD1B7EE1C200C8658D /* Base */ = {isa = PBXFileReference; lastKnownFileType = file.xib; name = Base; path = Base.lproj/LaunchScreen.xib; sourceTree = "<group>"; };
		D10E8AE31B7EE1C200C8658D /* yunlian-iosTests.xctest */ = {isa = PBXFileReference; explicitFileType = wrapper.cfbundle; includeInIndex = 0; path = "yunlian-iosTests.xctest"; sourceTree = BUILT_PRODUCTS_DIR; };
		D10E8AE81B7EE1C200C8658D /* Info.plist */ = {isa = PBXFileReference; lastKnownFileType = text.plist.xml; path = Info.plist; sourceTree = "<group>"; };
		D10E8AE91B7EE1C200C8658D /* yunlian_iosTests.swift */ = {isa = PBXFileReference; lastKnownFileType = sourcecode.swift; path = yunlian_iosTests.swift; sourceTree = "<group>"; };
		D10E8B031B7F2C2A00C8658D /* UIColorExtensions.swift */ = {isa = PBXFileReference; fileEncoding = 4; lastKnownFileType = sourcecode.swift; name = UIColorExtensions.swift; path = Extensions/UIColorExtensions.swift; sourceTree = "<group>"; };
		D10E8B061B7F2C6500C8658D /* UIConstants.swift */ = {isa = PBXFileReference; fileEncoding = 4; lastKnownFileType = sourcecode.swift; path = UIConstants.swift; sourceTree = "<group>"; };
		D10E8B081B7F312700C8658D /* SnapKit.framework */ = {isa = PBXFileReference; lastKnownFileType = wrapper.framework; name = SnapKit.framework; path = Carthage/Build/iOS/SnapKit.framework; sourceTree = "<group>"; };
		D10E8B0A1B7F376B00C8658D /* LoginViewController.swift */ = {isa = PBXFileReference; fileEncoding = 4; lastKnownFileType = sourcecode.swift; path = LoginViewController.swift; sourceTree = "<group>"; };
		D10E8B0C1B7F38A700C8658D /* ContactsViewController.swift */ = {isa = PBXFileReference; fileEncoding = 4; lastKnownFileType = sourcecode.swift; path = ContactsViewController.swift; sourceTree = "<group>"; };
		D10E8B101B7F38ED00C8658D /* NewsViewController.swift */ = {isa = PBXFileReference; fileEncoding = 4; lastKnownFileType = sourcecode.swift; path = NewsViewController.swift; sourceTree = "<group>"; };
		D10E8B121B7F39C300C8658D /* SettingsViewController.swift */ = {isa = PBXFileReference; fileEncoding = 4; lastKnownFileType = sourcecode.swift; path = SettingsViewController.swift; sourceTree = "<group>"; };
		D11D21121B7F818000309569 /* TextFieldLeftView.swift */ = {isa = PBXFileReference; fileEncoding = 4; lastKnownFileType = sourcecode.swift; name = TextFieldLeftView.swift; path = Widgets/TextFieldLeftView.swift; sourceTree = "<group>"; };
		D124F0711B80A4DD00F86780 /* ContactsHeaderView.swift */ = {isa = PBXFileReference; fileEncoding = 4; lastKnownFileType = sourcecode.swift; name = ContactsHeaderView.swift; path = Widgets/ContactsHeaderView.swift; sourceTree = "<group>"; };
		D124F0771B82BE9C00F86780 /* FriendsContactsViewController.swift */ = {isa = PBXFileReference; fileEncoding = 4; lastKnownFileType = sourcecode.swift; path = FriendsContactsViewController.swift; sourceTree = "<group>"; };
		D124F07A1B82C50B00F86780 /* FriendsContactCell.swift */ = {isa = PBXFileReference; fileEncoding = 4; lastKnownFileType = sourcecode.swift; path = FriendsContactCell.swift; sourceTree = "<group>"; };
		D124F07C1B82C55800F86780 /* FriendsContactHeader.swift */ = {isa = PBXFileReference; fileEncoding = 4; lastKnownFileType = sourcecode.swift; path = FriendsContactHeader.swift; sourceTree = "<group>"; };
		D124F0801B84161400F86780 /* Helper.swift */ = {isa = PBXFileReference; fileEncoding = 4; lastKnownFileType = sourcecode.swift; path = Helper.swift; sourceTree = "<group>"; };
		D124F0831B84A42E00F86780 /* Person.swift */ = {isa = PBXFileReference; fileEncoding = 4; lastKnownFileType = sourcecode.swift; path = Person.swift; sourceTree = "<group>"; };
		D124F0851B84C4B000F86780 /* OnewayContactCell.swift */ = {isa = PBXFileReference; fileEncoding = 4; lastKnownFileType = sourcecode.swift; path = OnewayContactCell.swift; sourceTree = "<group>"; };
		D124F0871B8551F200F86780 /* OnewayContactsViewController.swift */ = {isa = PBXFileReference; fileEncoding = 4; lastKnownFileType = sourcecode.swift; path = OnewayContactsViewController.swift; sourceTree = "<group>"; };
		D124F0891B8554B600F86780 /* BlackListContactsViewController.swift */ = {isa = PBXFileReference; fileEncoding = 4; lastKnownFileType = sourcecode.swift; path = BlackListContactsViewController.swift; sourceTree = "<group>"; };
		D124F08B1B85554200F86780 /* BlackListContactCell.swift */ = {isa = PBXFileReference; fileEncoding = 4; lastKnownFileType = sourcecode.swift; path = BlackListContactCell.swift; sourceTree = "<group>"; };
		D124F08F1B88946900F86780 /* ContactsPanelView.swift */ = {isa = PBXFileReference; fileEncoding = 4; lastKnownFileType = sourcecode.swift; name = ContactsPanelView.swift; path = Widgets/ContactsPanelView.swift; sourceTree = "<group>"; };
		D124F0911B8897F400F86780 /* yunlian-ios-Bridging-Header.h */ = {isa = PBXFileReference; lastKnownFileType = sourcecode.c.h; path = "yunlian-ios-Bridging-Header.h"; sourceTree = "<group>"; };
		D124F0961B88AC4600F86780 /* UIImage+Helper.m */ = {isa = PBXFileReference; fileEncoding = 4; lastKnownFileType = sourcecode.c.objc; name = "UIImage+Helper.m"; path = "Widgets/UIImage+Helper.m"; sourceTree = "<group>"; };
		D124F0981B88AC6100F86780 /* UIImage+Helper.h */ = {isa = PBXFileReference; fileEncoding = 4; lastKnownFileType = sourcecode.c.h; name = "UIImage+Helper.h"; path = "Extensions/UIImage+Helper.h"; sourceTree = "<group>"; };
		D124F09A1B88AE3900F86780 /* TestViewController.swift */ = {isa = PBXFileReference; fileEncoding = 4; lastKnownFileType = sourcecode.swift; path = TestViewController.swift; sourceTree = "<group>"; };
		D124F09C1B8968BA00F86780 /* SearchContactsViewController.swift */ = {isa = PBXFileReference; fileEncoding = 4; lastKnownFileType = sourcecode.swift; path = SearchContactsViewController.swift; sourceTree = "<group>"; };
		D124F09E1B896AB000F86780 /* TitleSearchView.swift */ = {isa = PBXFileReference; fileEncoding = 4; lastKnownFileType = sourcecode.swift; name = TitleSearchView.swift; path = Widgets/TitleSearchView.swift; sourceTree = "<group>"; };
		D140BE211BB2F54D001B77C4 /* libsqlite3.0.tbd */ = {isa = PBXFileReference; lastKnownFileType = "sourcecode.text-based-dylib-definition"; name = libsqlite3.0.tbd; path = usr/lib/libsqlite3.0.tbd; sourceTree = SDKROOT; };
		D15501851BB04A17006713A3 /* MoreAlertController.swift */ = {isa = PBXFileReference; fileEncoding = 4; lastKnownFileType = sourcecode.swift; path = MoreAlertController.swift; sourceTree = "<group>"; };
		D15501871BB04D93006713A3 /* MoreAlertCell.swift */ = {isa = PBXFileReference; fileEncoding = 4; lastKnownFileType = sourcecode.swift; path = MoreAlertCell.swift; sourceTree = "<group>"; };
		D15501891BB19585006713A3 /* NSData+AES256.h */ = {isa = PBXFileReference; fileEncoding = 4; lastKnownFileType = sourcecode.c.h; name = "NSData+AES256.h"; path = "Extensions/NSData+AES256.h"; sourceTree = "<group>"; };
		D155018A1BB19585006713A3 /* NSData+AES256.m */ = {isa = PBXFileReference; fileEncoding = 4; lastKnownFileType = sourcecode.c.objc; name = "NSData+AES256.m"; path = "Extensions/NSData+AES256.m"; sourceTree = "<group>"; };
		D155018F1BB19C17006713A3 /* RegisterPhoneNumberViewController.swift */ = {isa = PBXFileReference; fileEncoding = 4; lastKnownFileType = sourcecode.swift; path = RegisterPhoneNumberViewController.swift; sourceTree = "<group>"; };
		D15501911BB232EB006713A3 /* UITextFieldWithInset.swift */ = {isa = PBXFileReference; fileEncoding = 4; lastKnownFileType = sourcecode.swift; path = UITextFieldWithInset.swift; sourceTree = "<group>"; };
		D15501951BB2EBED006713A3 /* Alamofire.framework */ = {isa = PBXFileReference; lastKnownFileType = wrapper.framework; name = Alamofire.framework; path = Carthage/Build/iOS/Alamofire.framework; sourceTree = "<group>"; };
		D182B3EB1BA1AA380045F7E8 /* ZoomablePhotoView.swift */ = {isa = PBXFileReference; fileEncoding = 4; lastKnownFileType = sourcecode.swift; path = ZoomablePhotoView.swift; sourceTree = "<group>"; };
		D182B3ED1BA1B1AA0045F7E8 /* PhotoScrollView.swift */ = {isa = PBXFileReference; fileEncoding = 4; lastKnownFileType = sourcecode.swift; path = PhotoScrollView.swift; sourceTree = "<group>"; };
		D1A8DF701B89D24200217467 /* SearchContactsResultController.swift */ = {isa = PBXFileReference; fileEncoding = 4; lastKnownFileType = sourcecode.swift; path = SearchContactsResultController.swift; sourceTree = "<group>"; };
		D1A8DF721B89D3F100217467 /* SearchResultCell.swift */ = {isa = PBXFileReference; fileEncoding = 4; lastKnownFileType = sourcecode.swift; path = SearchResultCell.swift; sourceTree = "<group>"; };
		D1A8DF741B89DA6B00217467 /* ProfileViewController.swift */ = {isa = PBXFileReference; fileEncoding = 4; lastKnownFileType = sourcecode.swift; path = ProfileViewController.swift; sourceTree = "<group>"; };
		D1A8DF771B8AA7A600217467 /* ProfileHeaderView.swift */ = {isa = PBXFileReference; fileEncoding = 4; lastKnownFileType = sourcecode.swift; path = ProfileHeaderView.swift; sourceTree = "<group>"; };
		D1A8DF791B8CA03500217467 /* ProfileSectionHeaderView.swift */ = {isa = PBXFileReference; fileEncoding = 4; lastKnownFileType = sourcecode.swift; path = ProfileSectionHeaderView.swift; sourceTree = "<group>"; };
		D1A8DF7B1B8CA05100217467 /* ProfileCell.swift */ = {isa = PBXFileReference; fileEncoding = 4; lastKnownFileType = sourcecode.swift; path = ProfileCell.swift; sourceTree = "<group>"; };
		D1A8DF7D1B8D42BE00217467 /* SignatureCell.swift */ = {isa = PBXFileReference; fileEncoding = 4; lastKnownFileType = sourcecode.swift; path = SignatureCell.swift; sourceTree = "<group>"; };
		D1A8DF861B8DFF6C00217467 /* CalendarViewController.swift */ = {isa = PBXFileReference; fileEncoding = 4; lastKnownFileType = sourcecode.swift; path = CalendarViewController.swift; sourceTree = "<group>"; };
		D1A8DF881B8E001900217467 /* CalendarCell.swift */ = {isa = PBXFileReference; fileEncoding = 4; lastKnownFileType = sourcecode.swift; path = CalendarCell.swift; sourceTree = "<group>"; };
		D1A8DF971B8FEE8900217467 /* CalendarHeaderView.swift */ = {isa = PBXFileReference; fileEncoding = 4; lastKnownFileType = sourcecode.swift; path = CalendarHeaderView.swift; sourceTree = "<group>"; };
		D1C6AAA61B909FCF000AF565 /* CalendarDate.swift */ = {isa = PBXFileReference; fileEncoding = 4; lastKnownFileType = sourcecode.swift; path = CalendarDate.swift; sourceTree = "<group>"; };
		D1C6AAAE1B913CD5000AF565 /* CalendarTableViewCell.swift */ = {isa = PBXFileReference; fileEncoding = 4; lastKnownFileType = sourcecode.swift; path = CalendarTableViewCell.swift; sourceTree = "<group>"; };
		D1C6AAB01B92B19A000AF565 /* CalendarActivity.swift */ = {isa = PBXFileReference; fileEncoding = 4; lastKnownFileType = sourcecode.swift; path = CalendarActivity.swift; sourceTree = "<group>"; };
		D1C6AAB21B92B3B4000AF565 /* MySwiftDate.swift */ = {isa = PBXFileReference; fileEncoding = 4; lastKnownFileType = sourcecode.swift; path = MySwiftDate.swift; sourceTree = "<group>"; };
		D1C6AAB41B92F1DA000AF565 /* PersonCell.swift */ = {isa = PBXFileReference; fileEncoding = 4; lastKnownFileType = sourcecode.swift; path = PersonCell.swift; sourceTree = "<group>"; };
		D1C6AAB61B930FE9000AF565 /* ActivityViewController.swift */ = {isa = PBXFileReference; fileEncoding = 4; lastKnownFileType = sourcecode.swift; path = ActivityViewController.swift; sourceTree = "<group>"; };
		D1C6AABA1B948583000AF565 /* SwiftDate.swift */ = {isa = PBXFileReference; fileEncoding = 4; lastKnownFileType = sourcecode.swift; name = SwiftDate.swift; path = ThirdPart/SwiftDate.swift; sourceTree = "<group>"; };
/* End PBXFileReference section */

/* Begin PBXFrameworksBuildPhase section */
		D10E8ACB1B7EE1C100C8658D /* Frameworks */ = {
			isa = PBXFrameworksBuildPhase;
			buildActionMask = 2147483647;
			files = (
				D140BE221BB2F54D001B77C4 /* libsqlite3.0.tbd in Frameworks */,
				D10E8B091B7F312700C8658D /* SnapKit.framework in Frameworks */,
				CED5A8FC1BB4055F00C288E7 /* SwiftyJSON.framework in Frameworks */,
				D15501961BB2EBED006713A3 /* Alamofire.framework in Frameworks */,
			);
			runOnlyForDeploymentPostprocessing = 0;
		};
		D10E8AE01B7EE1C200C8658D /* Frameworks */ = {
			isa = PBXFrameworksBuildPhase;
			buildActionMask = 2147483647;
			files = (
			);
			runOnlyForDeploymentPostprocessing = 0;
		};
/* End PBXFrameworksBuildPhase section */

/* Begin PBXGroup section */
		CED5A9021BB4336B00C288E7 /* Network */ = {
			isa = PBXGroup;
			children = (
				CED5A9031BB4337800C288E7 /* YunlianNetwork.swift */,
			);
			name = Network;
			sourceTree = "<group>";
		};
		CED5A91A1BB8E20A00C288E7 /* Mine */ = {
			isa = PBXGroup;
			children = (
				CED5A91B1BB8E22D00C288E7 /* ModifyInfoViewController.swift */,
				CED5A9231BB9244500C288E7 /* ModifyTextCell.swift */,
				CED5A91D1BB8E3BB00C288E7 /* ModifyInfoBaseCell.swift */,
				CED5A91F1BB90DB400C288E7 /* ModifyAvatarCell.swift */,
				CED5A9211BB91F2600C288E7 /* ModifyGenderCell.swift */,
				CED5A9271BBA8C2100C288E7 /* SettingsButtonCell.swift */,
			);
			name = Mine;
			sourceTree = "<group>";
		};
		CED5A9291BBAB52500C288E7 /* Database */ = {
			isa = PBXGroup;
			children = (
				CED5A92A1BBAB54600C288E7 /* Database.swift */,
			);
			name = Database;
			sourceTree = "<group>";
		};
		CED5A92C1BBBD1F600C288E7 /* Pinyin */ = {
			isa = PBXGroup;
			children = (
				CED5A92D1BBBD22500C288E7 /* Classes */,
				CED5A9391BBBD22500C288E7 /* Resources */,
			);
			name = Pinyin;
			sourceTree = "<group>";
		};
		CED5A92D1BBBD22500C288E7 /* Classes */ = {
			isa = PBXGroup;
			children = (
				CED5A92E1BBBD22500C288E7 /* ChineseToPinyinResource.h */,
				CED5A92F1BBBD22500C288E7 /* ChineseToPinyinResource.m */,
				CED5A9301BBBD22500C288E7 /* HanyuPinyinOutputFormat.h */,
				CED5A9311BBBD22500C288E7 /* HanyuPinyinOutputFormat.m */,
				CED5A9321BBBD22500C288E7 /* NSString+PinYin4Cocoa.h */,
				CED5A9331BBBD22500C288E7 /* NSString+PinYin4Cocoa.m */,
				CED5A9341BBBD22500C288E7 /* PinYin4Objc.h */,
				CED5A9351BBBD22500C288E7 /* PinyinFormatter.h */,
				CED5A9361BBBD22500C288E7 /* PinyinFormatter.m */,
				CED5A9371BBBD22500C288E7 /* PinyinHelper.h */,
				CED5A9381BBBD22500C288E7 /* PinyinHelper.m */,
			);
			path = Classes;
			sourceTree = "<group>";
		};
		CED5A9391BBBD22500C288E7 /* Resources */ = {
			isa = PBXGroup;
			children = (
				CED5A93A1BBBD22500C288E7 /* unicode_to_hanyu_pinyin.txt */,
			);
			path = Resources;
			sourceTree = "<group>";
		};
		D106DCB51B9B1AA000C5D6F3 /* News */ = {
			isa = PBXGroup;
			children = (
				D106DCBE1B9C19C600C5D6F3 /* NewsHeader.swift */,
				D106DCC01B9C19D900C5D6F3 /* NewsCell.swift */,
			);
			name = News;
			sourceTree = "<group>";
		};
		D10E8AC51B7EE1C100C8658D = {
			isa = PBXGroup;
			children = (
				CED5A8FB1BB4055F00C288E7 /* SwiftyJSON.framework */,
				D140BE211BB2F54D001B77C4 /* libsqlite3.0.tbd */,
				D15501951BB2EBED006713A3 /* Alamofire.framework */,
				D10E8B081B7F312700C8658D /* SnapKit.framework */,
				D10E8AD01B7EE1C100C8658D /* yunlian-ios */,
				D10E8AE61B7EE1C200C8658D /* yunlian-iosTests */,
				D10E8ACF1B7EE1C100C8658D /* Products */,
				D124F0911B8897F400F86780 /* yunlian-ios-Bridging-Header.h */,
			);
			sourceTree = "<group>";
		};
		D10E8ACF1B7EE1C100C8658D /* Products */ = {
			isa = PBXGroup;
			children = (
				D10E8ACE1B7EE1C100C8658D /* yunlian-ios.app */,
				D10E8AE31B7EE1C200C8658D /* yunlian-iosTests.xctest */,
			);
			name = Products;
			sourceTree = "<group>";
		};
		D10E8AD01B7EE1C100C8658D /* yunlian-ios */ = {
			isa = PBXGroup;
			children = (
				CED5A92C1BBBD1F600C288E7 /* Pinyin */,
				CED5A9291BBAB52500C288E7 /* Database */,
				CED5A91A1BB8E20A00C288E7 /* Mine */,
				CED5A9021BB4336B00C288E7 /* Network */,
				D155018C1BB19BB1006713A3 /* Register */,
				D106DCB51B9B1AA000C5D6F3 /* News */,
				D1A8DF831B8DFEDE00217467 /* Calendar */,
				D1A8DF821B8D44A500217467 /* ThirdPart */,
				D1A8DF761B8AA77000217467 /* Profile */,
				D124F0821B84A3FC00F86780 /* Models */,
				D10E8B051B7F2C2E00C8658D /* Extensions */,
				D10E8AD31B7EE1C100C8658D /* AppDelegate.swift */,
				D10E8AD51B7EE1C100C8658D /* ViewController.swift */,
				D10E8ADA1B7EE1C200C8658D /* Images.xcassets */,
				D10E8ADC1B7EE1C200C8658D /* LaunchScreen.xib */,
				D10E8AD11B7EE1C100C8658D /* Supporting Files */,
				D10E8B061B7F2C6500C8658D /* UIConstants.swift */,
				D10E8B0A1B7F376B00C8658D /* LoginViewController.swift */,
				D10E8B0C1B7F38A700C8658D /* ContactsViewController.swift */,
				D10E8B101B7F38ED00C8658D /* NewsViewController.swift */,
				D1A8DF861B8DFF6C00217467 /* CalendarViewController.swift */,
				D10E8B121B7F39C300C8658D /* SettingsViewController.swift */,
				D11D21141B7F818500309569 /* Widgets */,
				D124F0791B82C22600F86780 /* Contacts */,
				D124F0801B84161400F86780 /* Helper.swift */,
				D124F09A1B88AE3900F86780 /* TestViewController.swift */,
			);
			path = "yunlian-ios";
			sourceTree = "<group>";
		};
		D10E8AD11B7EE1C100C8658D /* Supporting Files */ = {
			isa = PBXGroup;
			children = (
				D10E8AD21B7EE1C100C8658D /* Info.plist */,
			);
			name = "Supporting Files";
			sourceTree = "<group>";
		};
		D10E8AE61B7EE1C200C8658D /* yunlian-iosTests */ = {
			isa = PBXGroup;
			children = (
				D10E8AE91B7EE1C200C8658D /* yunlian_iosTests.swift */,
				D10E8AE71B7EE1C200C8658D /* Supporting Files */,
			);
			path = "yunlian-iosTests";
			sourceTree = "<group>";
		};
		D10E8AE71B7EE1C200C8658D /* Supporting Files */ = {
			isa = PBXGroup;
			children = (
				D10E8AE81B7EE1C200C8658D /* Info.plist */,
			);
			name = "Supporting Files";
			sourceTree = "<group>";
		};
		D10E8B051B7F2C2E00C8658D /* Extensions */ = {
			isa = PBXGroup;
			children = (
				D15501891BB19585006713A3 /* NSData+AES256.h */,
				D155018A1BB19585006713A3 /* NSData+AES256.m */,
				D10E8B031B7F2C2A00C8658D /* UIColorExtensions.swift */,
				D124F0961B88AC4600F86780 /* UIImage+Helper.m */,
				D124F0981B88AC6100F86780 /* UIImage+Helper.h */,
				D1C6AAB21B92B3B4000AF565 /* MySwiftDate.swift */,
				CED5A9081BB4E3EE00C288E7 /* UIViewControllerExtension.swift */,
				CED5A9121BB6575E00C288E7 /* StringExtension.swift */,
			);
			name = Extensions;
			sourceTree = "<group>";
		};
		D11D21141B7F818500309569 /* Widgets */ = {
			isa = PBXGroup;
			children = (
				D11D21121B7F818000309569 /* TextFieldLeftView.swift */,
				D124F0711B80A4DD00F86780 /* ContactsHeaderView.swift */,
				D124F08F1B88946900F86780 /* ContactsPanelView.swift */,
				D124F09E1B896AB000F86780 /* TitleSearchView.swift */,
				D182B3EB1BA1AA380045F7E8 /* ZoomablePhotoView.swift */,
				D182B3ED1BA1B1AA0045F7E8 /* PhotoScrollView.swift */,
				D15501911BB232EB006713A3 /* UITextFieldWithInset.swift */,
				CED5A90A1BB5133700C288E7 /* LoadingAlertController.swift */,
				CED5A9101BB5821800C288E7 /* UILabelWithInsets.swift */,
			);
			name = Widgets;
			sourceTree = "<group>";
		};
		D124F0791B82C22600F86780 /* Contacts */ = {
			isa = PBXGroup;
			children = (
				D124F09C1B8968BA00F86780 /* SearchContactsViewController.swift */,
				D124F0771B82BE9C00F86780 /* FriendsContactsViewController.swift */,
				D124F07A1B82C50B00F86780 /* FriendsContactCell.swift */,
				D124F07C1B82C55800F86780 /* FriendsContactHeader.swift */,
				D124F0851B84C4B000F86780 /* OnewayContactCell.swift */,
				D124F0871B8551F200F86780 /* OnewayContactsViewController.swift */,
				D124F0891B8554B600F86780 /* BlackListContactsViewController.swift */,
				D124F08B1B85554200F86780 /* BlackListContactCell.swift */,
				D1A8DF701B89D24200217467 /* SearchContactsResultController.swift */,
				D1A8DF721B89D3F100217467 /* SearchResultCell.swift */,
				D106DCC41B9C72A000C5D6F3 /* NewFriendViewController.swift */,
				D106DCC61B9C87BE00C5D6F3 /* NewFriendCell.swift */,
			);
			name = Contacts;
			sourceTree = "<group>";
		};
		D124F0821B84A3FC00F86780 /* Models */ = {
			isa = PBXGroup;
			children = (
				D124F0831B84A42E00F86780 /* Person.swift */,
				D1C6AAB01B92B19A000AF565 /* CalendarActivity.swift */,
				D106DCBC1B9C09EA00C5D6F3 /* News.swift */,
				D10D75381BA55D2D00B62261 /* Profile.swift */,
				CED5A9161BB691C100C288E7 /* RegisterInfo.swift */,
			);
			name = Models;
			sourceTree = "<group>";
		};
		D155018C1BB19BB1006713A3 /* Register */ = {
			isa = PBXGroup;
			children = (
				D155018F1BB19C17006713A3 /* RegisterPhoneNumberViewController.swift */,
				CED5A90C1BB54CDA00C288E7 /* RegisterPasswordViewController.swift */,
				CED5A90E1BB5771D00C288E7 /* RegisterQuestionViewController.swift */,
				CED5A9181BB7F21B00C288E7 /* RegisterFinishedViewController.swift */,
			);
			name = Register;
			sourceTree = "<group>";
		};
		D1A8DF761B8AA77000217467 /* Profile */ = {
			isa = PBXGroup;
			children = (
				D1A8DF741B89DA6B00217467 /* ProfileViewController.swift */,
				D1A8DF771B8AA7A600217467 /* ProfileHeaderView.swift */,
				D1A8DF791B8CA03500217467 /* ProfileSectionHeaderView.swift */,
				D1A8DF7B1B8CA05100217467 /* ProfileCell.swift */,
				D1A8DF7D1B8D42BE00217467 /* SignatureCell.swift */,
				D10D75321BA3DA0400B62261 /* ProfileRemarkSectionHeaderView.swift */,
				D10D75341BA3DCD300B62261 /* ImageRemarkCell.swift */,
				D10D75361BA3DD9300B62261 /* ImageCell.swift */,
				D10D75701BA56DB600B62261 /* ImageStubCell.swift */,
				D10D75721BA5742B00B62261 /* ImageBrowserController.swift */,
				D15501851BB04A17006713A3 /* MoreAlertController.swift */,
				D15501871BB04D93006713A3 /* MoreAlertCell.swift */,
			);
			name = Profile;
			sourceTree = "<group>";
		};
		D1A8DF821B8D44A500217467 /* ThirdPart */ = {
			isa = PBXGroup;
			children = (
				D106DCB81B9B1C6900C5D6F3 /* SwiftData.swift */,
				D1C6AABA1B948583000AF565 /* SwiftDate.swift */,
			);
			name = ThirdPart;
			sourceTree = "<group>";
		};
		D1A8DF831B8DFEDE00217467 /* Calendar */ = {
			isa = PBXGroup;
			children = (
				D1A8DF881B8E001900217467 /* CalendarCell.swift */,
				D1A8DF971B8FEE8900217467 /* CalendarHeaderView.swift */,
				D1C6AAA61B909FCF000AF565 /* CalendarDate.swift */,
				D1C6AAAE1B913CD5000AF565 /* CalendarTableViewCell.swift */,
				D1C6AAB41B92F1DA000AF565 /* PersonCell.swift */,
				D1C6AAB61B930FE9000AF565 /* ActivityViewController.swift */,
			);
			name = Calendar;
			sourceTree = "<group>";
		};
/* End PBXGroup section */

/* Begin PBXNativeTarget section */
		D10E8ACD1B7EE1C100C8658D /* yunlian-ios */ = {
			isa = PBXNativeTarget;
			buildConfigurationList = D10E8AED1B7EE1C200C8658D /* Build configuration list for PBXNativeTarget "yunlian-ios" */;
			buildPhases = (
				D10E8ACA1B7EE1C100C8658D /* Sources */,
				D10E8ACB1B7EE1C100C8658D /* Frameworks */,
				D10E8ACC1B7EE1C100C8658D /* Resources */,
				D10E8AF51B7EEC6800C8658D /* Run Script */,
				D1C6AAE81B948FED000AF565 /* Embed Frameworks */,
			);
			buildRules = (
			);
			dependencies = (
			);
			name = "yunlian-ios";
			productName = "yunlian-ios";
			productReference = D10E8ACE1B7EE1C100C8658D /* yunlian-ios.app */;
			productType = "com.apple.product-type.application";
		};
		D10E8AE21B7EE1C200C8658D /* yunlian-iosTests */ = {
			isa = PBXNativeTarget;
			buildConfigurationList = D10E8AF01B7EE1C200C8658D /* Build configuration list for PBXNativeTarget "yunlian-iosTests" */;
			buildPhases = (
				D10E8ADF1B7EE1C200C8658D /* Sources */,
				D10E8AE01B7EE1C200C8658D /* Frameworks */,
				D10E8AE11B7EE1C200C8658D /* Resources */,
			);
			buildRules = (
			);
			dependencies = (
				D10E8AE51B7EE1C200C8658D /* PBXTargetDependency */,
			);
			name = "yunlian-iosTests";
			productName = "yunlian-iosTests";
			productReference = D10E8AE31B7EE1C200C8658D /* yunlian-iosTests.xctest */;
			productType = "com.apple.product-type.bundle.unit-test";
		};
/* End PBXNativeTarget section */

/* Begin PBXProject section */
		D10E8AC61B7EE1C100C8658D /* Project object */ = {
			isa = PBXProject;
			attributes = {
				LastSwiftMigration = 0700;
				LastSwiftUpdateCheck = 0700;
				LastUpgradeCheck = 0700;
				ORGANIZATIONNAME = yunlian;
				TargetAttributes = {
					D10E8ACD1B7EE1C100C8658D = {
						CreatedOnToolsVersion = 6.4;
						DevelopmentTeam = 53FQVECWN3;
					};
					D10E8AE21B7EE1C200C8658D = {
						CreatedOnToolsVersion = 6.4;
						TestTargetID = D10E8ACD1B7EE1C100C8658D;
					};
				};
			};
			buildConfigurationList = D10E8AC91B7EE1C100C8658D /* Build configuration list for PBXProject "yunlian-ios" */;
			compatibilityVersion = "Xcode 3.2";
			developmentRegion = English;
			hasScannedForEncodings = 0;
			knownRegions = (
				en,
				Base,
			);
			mainGroup = D10E8AC51B7EE1C100C8658D;
			productRefGroup = D10E8ACF1B7EE1C100C8658D /* Products */;
			projectDirPath = "";
			projectRoot = "";
			targets = (
				D10E8ACD1B7EE1C100C8658D /* yunlian-ios */,
				D10E8AE21B7EE1C200C8658D /* yunlian-iosTests */,
			);
		};
/* End PBXProject section */

/* Begin PBXResourcesBuildPhase section */
		D10E8ACC1B7EE1C100C8658D /* Resources */ = {
			isa = PBXResourcesBuildPhase;
			buildActionMask = 2147483647;
			files = (
				CED5A9401BBBD22500C288E7 /* unicode_to_hanyu_pinyin.txt in Resources */,
				D10E8ADE1B7EE1C200C8658D /* LaunchScreen.xib in Resources */,
				D10E8ADB1B7EE1C200C8658D /* Images.xcassets in Resources */,
			);
			runOnlyForDeploymentPostprocessing = 0;
		};
		D10E8AE11B7EE1C200C8658D /* Resources */ = {
			isa = PBXResourcesBuildPhase;
			buildActionMask = 2147483647;
			files = (
			);
			runOnlyForDeploymentPostprocessing = 0;
		};
/* End PBXResourcesBuildPhase section */

/* Begin PBXShellScriptBuildPhase section */
		D10E8AF51B7EEC6800C8658D /* Run Script */ = {
			isa = PBXShellScriptBuildPhase;
			buildActionMask = 2147483647;
			files = (
			);
			inputPaths = (
				"$(SRCROOT)/Carthage/Build/iOS/SnapKit.framework",
				"$(SRCROOT)/Carthage/Build/iOS/Alamofire.framework",
				"$(SRCROOT)/Carthage/Build/iOS/SwiftyJSON.framework",
			);
			name = "Run Script";
			outputPaths = (
			);
			runOnlyForDeploymentPostprocessing = 0;
			shellPath = /bin/sh;
			shellScript = "/usr/local/bin/carthage copy-frameworks\n";
			showEnvVarsInLog = 0;
		};
/* End PBXShellScriptBuildPhase section */

/* Begin PBXSourcesBuildPhase section */
		D10E8ACA1B7EE1C100C8658D /* Sources */ = {
			isa = PBXSourcesBuildPhase;
			buildActionMask = 2147483647;
			files = (
				CED5A9281BBA8C2100C288E7 /* SettingsButtonCell.swift in Sources */,
				D10D75711BA56DB600B62261 /* ImageStubCell.swift in Sources */,
				D10E8B041B7F2C2A00C8658D /* UIColorExtensions.swift in Sources */,
				D10E8AD61B7EE1C100C8658D /* ViewController.swift in Sources */,
				D1A8DF7A1B8CA03500217467 /* ProfileSectionHeaderView.swift in Sources */,
				CED5A93B1BBBD22500C288E7 /* ChineseToPinyinResource.m in Sources */,
				D106DCB91B9B1C6900C5D6F3 /* SwiftData.swift in Sources */,
				D106DCC51B9C72A000C5D6F3 /* NewFriendViewController.swift in Sources */,
				D10D75351BA3DCD300B62261 /* ImageRemarkCell.swift in Sources */,
				D106DCC11B9C19D900C5D6F3 /* NewsCell.swift in Sources */,
				CED5A9131BB6575E00C288E7 /* StringExtension.swift in Sources */,
				D1A8DF871B8DFF6C00217467 /* CalendarViewController.swift in Sources */,
				D1C6AAB11B92B19A000AF565 /* CalendarActivity.swift in Sources */,
				CED5A92B1BBAB54600C288E7 /* Database.swift in Sources */,
				D10D75331BA3DA0400B62261 /* ProfileRemarkSectionHeaderView.swift in Sources */,
				CED5A9201BB90DB400C288E7 /* ModifyAvatarCell.swift in Sources */,
				D106DCBD1B9C09EA00C5D6F3 /* News.swift in Sources */,
				D124F08C1B85554200F86780 /* BlackListContactCell.swift in Sources */,
				D124F09D1B8968BA00F86780 /* SearchContactsViewController.swift in Sources */,
				D124F08A1B8554B600F86780 /* BlackListContactsViewController.swift in Sources */,
				D10E8AD41B7EE1C100C8658D /* AppDelegate.swift in Sources */,
				CED5A93D1BBBD22500C288E7 /* NSString+PinYin4Cocoa.m in Sources */,
				CED5A90D1BB54CDA00C288E7 /* RegisterPasswordViewController.swift in Sources */,
				D1A8DF7E1B8D42BE00217467 /* SignatureCell.swift in Sources */,
				CED5A93F1BBBD22500C288E7 /* PinyinHelper.m in Sources */,
				CED5A90B1BB5133700C288E7 /* LoadingAlertController.swift in Sources */,
				CED5A9111BB5821800C288E7 /* UILabelWithInsets.swift in Sources */,
				D124F07B1B82C50B00F86780 /* FriendsContactCell.swift in Sources */,
				D1A8DF781B8AA7A600217467 /* ProfileHeaderView.swift in Sources */,
				CED5A9221BB91F2600C288E7 /* ModifyGenderCell.swift in Sources */,
				D182B3EE1BA1B1AA0045F7E8 /* PhotoScrollView.swift in Sources */,
				CED5A9091BB4E3EE00C288E7 /* UIViewControllerExtension.swift in Sources */,
				D106DCC71B9C87BE00C5D6F3 /* NewFriendCell.swift in Sources */,
				D10E8B0B1B7F376B00C8658D /* LoginViewController.swift in Sources */,
				D182B3EC1BA1AA380045F7E8 /* ZoomablePhotoView.swift in Sources */,
				D15501881BB04D93006713A3 /* MoreAlertCell.swift in Sources */,
				D1C6AAB31B92B3B4000AF565 /* MySwiftDate.swift in Sources */,
				D124F0991B88AC6100F86780 /* UIImage+Helper.h in Sources */,
				D124F0901B88946900F86780 /* ContactsPanelView.swift in Sources */,
				CED5A93C1BBBD22500C288E7 /* HanyuPinyinOutputFormat.m in Sources */,
				D10D75391BA55D2D00B62261 /* Profile.swift in Sources */,
				D10E8B071B7F2C6500C8658D /* UIConstants.swift in Sources */,
				D124F09B1B88AE3900F86780 /* TestViewController.swift in Sources */,
				D1A8DF751B89DA6B00217467 /* ProfileViewController.swift in Sources */,
				CED5A91C1BB8E22D00C288E7 /* ModifyInfoViewController.swift in Sources */,
				D15501921BB232EB006713A3 /* UITextFieldWithInset.swift in Sources */,
				D1C6AAB51B92F1DA000AF565 /* PersonCell.swift in Sources */,
				CED5A91E1BB8E3BB00C288E7 /* ModifyInfoBaseCell.swift in Sources */,
				CED5A9241BB9244500C288E7 /* ModifyTextCell.swift in Sources */,
				D124F0811B84161400F86780 /* Helper.swift in Sources */,
				D1A8DF731B89D3F100217467 /* SearchResultCell.swift in Sources */,
				D124F0721B80A4DD00F86780 /* ContactsHeaderView.swift in Sources */,
				D1C6AABB1B948583000AF565 /* SwiftDate.swift in Sources */,
				D10E8B0D1B7F38A700C8658D /* ContactsViewController.swift in Sources */,
				D124F0881B8551F200F86780 /* OnewayContactsViewController.swift in Sources */,
				CED5A9041BB4337800C288E7 /* YunlianNetwork.swift in Sources */,
				D10D75371BA3DD9300B62261 /* ImageCell.swift in Sources */,
				D1C6AAB71B930FE9000AF565 /* ActivityViewController.swift in Sources */,
				D11D21131B7F818000309569 /* TextFieldLeftView.swift in Sources */,
				D1C6AAAF1B913CD5000AF565 /* CalendarTableViewCell.swift in Sources */,
				D1A8DF981B8FEE8900217467 /* CalendarHeaderView.swift in Sources */,
				D10E8B111B7F38ED00C8658D /* NewsViewController.swift in Sources */,
				D15501861BB04A17006713A3 /* MoreAlertController.swift in Sources */,
				D1C6AAA71B909FCF000AF565 /* CalendarDate.swift in Sources */,
				CED5A9191BB7F21B00C288E7 /* RegisterFinishedViewController.swift in Sources */,
				D124F09F1B896AB000F86780 /* TitleSearchView.swift in Sources */,
				D124F0861B84C4B000F86780 /* OnewayContactCell.swift in Sources */,
				D124F0971B88AC4600F86780 /* UIImage+Helper.m in Sources */,
				CED5A9171BB691C100C288E7 /* RegisterInfo.swift in Sources */,
				D124F07D1B82C55800F86780 /* FriendsContactHeader.swift in Sources */,
				D106DCBF1B9C19C600C5D6F3 /* NewsHeader.swift in Sources */,
				D10E8B131B7F39C300C8658D /* SettingsViewController.swift in Sources */,
				D10D75731BA5742B00B62261 /* ImageBrowserController.swift in Sources */,
				D124F0841B84A42E00F86780 /* Person.swift in Sources */,
				D1A8DF7C1B8CA05100217467 /* ProfileCell.swift in Sources */,
				D1A8DF891B8E001900217467 /* CalendarCell.swift in Sources */,
				CED5A90F1BB5771D00C288E7 /* RegisterQuestionViewController.swift in Sources */,
				D155018B1BB19585006713A3 /* NSData+AES256.m in Sources */,
				D15501901BB19C17006713A3 /* RegisterPhoneNumberViewController.swift in Sources */,
				D1A8DF711B89D24200217467 /* SearchContactsResultController.swift in Sources */,
				CED5A93E1BBBD22500C288E7 /* PinyinFormatter.m in Sources */,
				D124F0781B82BE9C00F86780 /* FriendsContactsViewController.swift in Sources */,
			);
			runOnlyForDeploymentPostprocessing = 0;
		};
		D10E8ADF1B7EE1C200C8658D /* Sources */ = {
			isa = PBXSourcesBuildPhase;
			buildActionMask = 2147483647;
			files = (
				D10E8AEA1B7EE1C200C8658D /* yunlian_iosTests.swift in Sources */,
			);
			runOnlyForDeploymentPostprocessing = 0;
		};
/* End PBXSourcesBuildPhase section */

/* Begin PBXTargetDependency section */
		D10E8AE51B7EE1C200C8658D /* PBXTargetDependency */ = {
			isa = PBXTargetDependency;
			target = D10E8ACD1B7EE1C100C8658D /* yunlian-ios */;
			targetProxy = D10E8AE41B7EE1C200C8658D /* PBXContainerItemProxy */;
		};
/* End PBXTargetDependency section */

/* Begin PBXVariantGroup section */
		D10E8ADC1B7EE1C200C8658D /* LaunchScreen.xib */ = {
			isa = PBXVariantGroup;
			children = (
				D10E8ADD1B7EE1C200C8658D /* Base */,
			);
			name = LaunchScreen.xib;
			sourceTree = "<group>";
		};
/* End PBXVariantGroup section */

/* Begin XCBuildConfiguration section */
		D10E8AEB1B7EE1C200C8658D /* Debug */ = {
			isa = XCBuildConfiguration;
			buildSettings = {
				ALWAYS_SEARCH_USER_PATHS = NO;
				CLANG_CXX_LANGUAGE_STANDARD = "gnu++0x";
				CLANG_CXX_LIBRARY = "libc++";
				CLANG_ENABLE_MODULES = YES;
				CLANG_ENABLE_OBJC_ARC = YES;
				CLANG_WARN_BOOL_CONVERSION = YES;
				CLANG_WARN_CONSTANT_CONVERSION = YES;
				CLANG_WARN_DIRECT_OBJC_ISA_USAGE = YES_ERROR;
				CLANG_WARN_EMPTY_BODY = YES;
				CLANG_WARN_ENUM_CONVERSION = YES;
				CLANG_WARN_INT_CONVERSION = YES;
				CLANG_WARN_OBJC_ROOT_CLASS = YES_ERROR;
				CLANG_WARN_UNREACHABLE_CODE = YES;
				CLANG_WARN__DUPLICATE_METHOD_MATCH = YES;
				"CODE_SIGN_IDENTITY[sdk=iphoneos*]" = "iPhone Developer";
				COPY_PHASE_STRIP = NO;
				DEBUG_INFORMATION_FORMAT = "dwarf-with-dsym";
				ENABLE_STRICT_OBJC_MSGSEND = YES;
				ENABLE_TESTABILITY = YES;
				GCC_C_LANGUAGE_STANDARD = gnu99;
				GCC_DYNAMIC_NO_PIC = NO;
				GCC_NO_COMMON_BLOCKS = YES;
				GCC_OPTIMIZATION_LEVEL = 0;
				GCC_PREPROCESSOR_DEFINITIONS = (
					"DEBUG=1",
					"$(inherited)",
				);
				GCC_SYMBOLS_PRIVATE_EXTERN = NO;
				GCC_WARN_64_TO_32_BIT_CONVERSION = YES;
				GCC_WARN_ABOUT_RETURN_TYPE = YES_ERROR;
				GCC_WARN_UNDECLARED_SELECTOR = YES;
				GCC_WARN_UNINITIALIZED_AUTOS = YES_AGGRESSIVE;
				GCC_WARN_UNUSED_FUNCTION = YES;
				GCC_WARN_UNUSED_VARIABLE = YES;
				IPHONEOS_DEPLOYMENT_TARGET = 8.4;
				MTL_ENABLE_DEBUG_INFO = YES;
				ONLY_ACTIVE_ARCH = YES;
				SDKROOT = iphoneos;
				SWIFT_OPTIMIZATION_LEVEL = "-Onone";
				TARGETED_DEVICE_FAMILY = "1,2";
			};
			name = Debug;
		};
		D10E8AEC1B7EE1C200C8658D /* Release */ = {
			isa = XCBuildConfiguration;
			buildSettings = {
				ALWAYS_SEARCH_USER_PATHS = NO;
				CLANG_CXX_LANGUAGE_STANDARD = "gnu++0x";
				CLANG_CXX_LIBRARY = "libc++";
				CLANG_ENABLE_MODULES = YES;
				CLANG_ENABLE_OBJC_ARC = YES;
				CLANG_WARN_BOOL_CONVERSION = YES;
				CLANG_WARN_CONSTANT_CONVERSION = YES;
				CLANG_WARN_DIRECT_OBJC_ISA_USAGE = YES_ERROR;
				CLANG_WARN_EMPTY_BODY = YES;
				CLANG_WARN_ENUM_CONVERSION = YES;
				CLANG_WARN_INT_CONVERSION = YES;
				CLANG_WARN_OBJC_ROOT_CLASS = YES_ERROR;
				CLANG_WARN_UNREACHABLE_CODE = YES;
				CLANG_WARN__DUPLICATE_METHOD_MATCH = YES;
				"CODE_SIGN_IDENTITY[sdk=iphoneos*]" = "iPhone Developer";
				COPY_PHASE_STRIP = NO;
				DEBUG_INFORMATION_FORMAT = "dwarf-with-dsym";
				ENABLE_NS_ASSERTIONS = NO;
				ENABLE_STRICT_OBJC_MSGSEND = YES;
				GCC_C_LANGUAGE_STANDARD = gnu99;
				GCC_NO_COMMON_BLOCKS = YES;
				GCC_WARN_64_TO_32_BIT_CONVERSION = YES;
				GCC_WARN_ABOUT_RETURN_TYPE = YES_ERROR;
				GCC_WARN_UNDECLARED_SELECTOR = YES;
				GCC_WARN_UNINITIALIZED_AUTOS = YES_AGGRESSIVE;
				GCC_WARN_UNUSED_FUNCTION = YES;
				GCC_WARN_UNUSED_VARIABLE = YES;
				IPHONEOS_DEPLOYMENT_TARGET = 8.4;
				MTL_ENABLE_DEBUG_INFO = NO;
				SDKROOT = iphoneos;
				TARGETED_DEVICE_FAMILY = "1,2";
				VALIDATE_PRODUCT = YES;
			};
			name = Release;
		};
		D10E8AEE1B7EE1C200C8658D /* Debug */ = {
			isa = XCBuildConfiguration;
			buildSettings = {
				ASSETCATALOG_COMPILER_APPICON_NAME = AppIcon;
				CLANG_ENABLE_MODULES = YES;
				CODE_SIGN_IDENTITY = "iPhone Developer";
				"CODE_SIGN_IDENTITY[sdk=iphoneos*]" = "iPhone Developer";
				FRAMEWORK_SEARCH_PATHS = (
					"$(inherited)",
					"$(PROJECT_DIR)/Carthage/Build/iOS",
				);
				INFOPLIST_FILE = "yunlian-ios/Info.plist";
				LD_RUNPATH_SEARCH_PATHS = "$(inherited) @executable_path/Frameworks";
				PRODUCT_BUNDLE_IDENTIFIER = com.yunlian.yunlian;
				PRODUCT_NAME = "$(TARGET_NAME)";
				PROVISIONING_PROFILE = "941a0288-b94d-4c67-83a3-9cd2b497e6f8";
				SWIFT_OBJC_BRIDGING_HEADER = "yunlian-ios-Bridging-Header.h";
				SWIFT_OPTIMIZATION_LEVEL = "-Onone";
			};
			name = Debug;
		};
		D10E8AEF1B7EE1C200C8658D /* Release */ = {
			isa = XCBuildConfiguration;
			buildSettings = {
				ASSETCATALOG_COMPILER_APPICON_NAME = AppIcon;
				CLANG_ENABLE_MODULES = YES;
				CODE_SIGN_IDENTITY = "iPhone Developer";
				"CODE_SIGN_IDENTITY[sdk=iphoneos*]" = "iPhone Developer";
				FRAMEWORK_SEARCH_PATHS = (
					"$(inherited)",
					"$(PROJECT_DIR)/Carthage/Build/iOS",
				);
				INFOPLIST_FILE = "yunlian-ios/Info.plist";
				LD_RUNPATH_SEARCH_PATHS = "$(inherited) @executable_path/Frameworks";
				PRODUCT_BUNDLE_IDENTIFIER = com.yunlian.yunlian;
				PRODUCT_NAME = "$(TARGET_NAME)";
				PROVISIONING_PROFILE = "941a0288-b94d-4c67-83a3-9cd2b497e6f8";
				SWIFT_OBJC_BRIDGING_HEADER = "yunlian-ios-Bridging-Header.h";
			};
			name = Release;
		};
		D10E8AF11B7EE1C200C8658D /* Debug */ = {
			isa = XCBuildConfiguration;
			buildSettings = {
				BUNDLE_LOADER = "$(TEST_HOST)";
				FRAMEWORK_SEARCH_PATHS = (
					"$(SDKROOT)/Developer/Library/Frameworks",
					"$(inherited)",
				);
				GCC_PREPROCESSOR_DEFINITIONS = (
					"DEBUG=1",
					"$(inherited)",
				);
				INFOPLIST_FILE = "yunlian-iosTests/Info.plist";
				LD_RUNPATH_SEARCH_PATHS = "$(inherited) @executable_path/Frameworks @loader_path/Frameworks";
				PRODUCT_BUNDLE_IDENTIFIER = "com.yunlian.$(PRODUCT_NAME:rfc1034identifier)";
				PRODUCT_NAME = "$(TARGET_NAME)";
				TEST_HOST = "$(BUILT_PRODUCTS_DIR)/yunlian-ios.app/yunlian-ios";
			};
			name = Debug;
		};
		D10E8AF21B7EE1C200C8658D /* Release */ = {
			isa = XCBuildConfiguration;
			buildSettings = {
				BUNDLE_LOADER = "$(TEST_HOST)";
				FRAMEWORK_SEARCH_PATHS = (
					"$(SDKROOT)/Developer/Library/Frameworks",
					"$(inherited)",
				);
				INFOPLIST_FILE = "yunlian-iosTests/Info.plist";
				LD_RUNPATH_SEARCH_PATHS = "$(inherited) @executable_path/Frameworks @loader_path/Frameworks";
				PRODUCT_BUNDLE_IDENTIFIER = "com.yunlian.$(PRODUCT_NAME:rfc1034identifier)";
				PRODUCT_NAME = "$(TARGET_NAME)";
				TEST_HOST = "$(BUILT_PRODUCTS_DIR)/yunlian-ios.app/yunlian-ios";
			};
			name = Release;
		};
/* End XCBuildConfiguration section */

/* Begin XCConfigurationList section */
		D10E8AC91B7EE1C100C8658D /* Build configuration list for PBXProject "yunlian-ios" */ = {
			isa = XCConfigurationList;
			buildConfigurations = (
				D10E8AEB1B7EE1C200C8658D /* Debug */,
				D10E8AEC1B7EE1C200C8658D /* Release */,
			);
			defaultConfigurationIsVisible = 0;
			defaultConfigurationName = Release;
		};
		D10E8AED1B7EE1C200C8658D /* Build configuration list for PBXNativeTarget "yunlian-ios" */ = {
			isa = XCConfigurationList;
			buildConfigurations = (
				D10E8AEE1B7EE1C200C8658D /* Debug */,
				D10E8AEF1B7EE1C200C8658D /* Release */,
			);
			defaultConfigurationIsVisible = 0;
			defaultConfigurationName = Release;
		};
		D10E8AF01B7EE1C200C8658D /* Build configuration list for PBXNativeTarget "yunlian-iosTests" */ = {
			isa = XCConfigurationList;
			buildConfigurations = (
				D10E8AF11B7EE1C200C8658D /* Debug */,
				D10E8AF21B7EE1C200C8658D /* Release */,
			);
			defaultConfigurationIsVisible = 0;
			defaultConfigurationName = Release;
		};
/* End XCConfigurationList section */
	};
	rootObject = D10E8AC61B7EE1C100C8658D /* Project object */;
}
